
Microsoft Visual Studio Solution File, Format Version 12.00
# Visual Studio Version 16
VisualStudioVersion = 16.0.32228.343
MinimumVisualStudioVersion = 10.0.40219.1
Project("{9A19103F-16F7-4668-BE54-9A1E7A4F7556}") = "ProductTracker", "ProductTracker\ProductTracker.csproj", "{F4C0902E-059E-4D3B-A3F2-2F256E8177ED}"
EndProject
Global
	GlobalSection(SolutionConfigurationPlatforms) = preSolution
		Debug|Any CPU = Debug|Any CPU
		Release|Any CPU = Release|Any CPU
	EndGlobalSection
	GlobalSection(ProjectConfigurationPlatforms) = postSolution
		{F4C0902E-059E-4D3B-A3F2-2F256E8177ED}.Debug|Any CPU.ActiveCfg = Debug|Any CPU
		{F4C0902E-059E-4D3B-A3F2-2F256E8177ED}.Debug|Any CPU.Build.0 = Debug|Any CPU
		{F4C0902E-059E-4D3B-A3F2-2F256E8177ED}.Release|Any CPU.ActiveCfg = Release|Any CPU
		{F4C0902E-059E-4D3B-A3F2-2F256E8177ED}.Release|Any CPU.Build.0 = Release|Any CPU
	EndGlobalSection
	GlobalSection(SolutionProperties) = preSolution
		HideSolutionNode = FALSE
	EndGlobalSection
	GlobalSection(ExtensibilityGlobals) = postSolution
		SolutionGuid = {018029F3-5FCA-4A40-9CBC-1DDB844AC6E0}
	EndGlobalSection
EndGlobal
